
Microsoft Visual Studio Solution File, Format Version 12.00
# Visual Studio Version 17
VisualStudioVersion = 17.11.35312.102
MinimumVisualStudioVersion = 10.0.40219.1
Project("{FAE04EC0-301F-11D3-BF4B-00C04F79EFBC}") = "PTTK_HT_Nhom4", "PTTK_HT_Nhom4\PTTK_HT_Nhom4.csproj", "{8BD69116-EE13-49E5-8030-102A5CC26308}"
EndProject
Global
	GlobalSection(SolutionConfigurationPlatforms) = preSolution
		Debug|Any CPU = Debug|Any CPU
		Release|Any CPU = Release|Any CPU
	EndGlobalSection
	GlobalSection(ProjectConfigurationPlatforms) = postSolution
		{8BD69116-EE13-49E5-8030-102A5CC26308}.Debug|Any CPU.ActiveCfg = Debug|Any CPU
		{8BD69116-EE13-49E5-8030-102A5CC26308}.Debug|Any CPU.Build.0 = Debug|Any CPU
		{8BD69116-EE13-49E5-8030-102A5CC26308}.Release|Any CPU.ActiveCfg = Release|Any CPU
		{8BD69116-EE13-49E5-8030-102A5CC26308}.Release|Any CPU.Build.0 = Release|Any CPU
	EndGlobalSection
	GlobalSection(SolutionProperties) = preSolution
		HideSolutionNode = FALSE
	EndGlobalSection
	GlobalSection(ExtensibilityGlobals) = postSolution
		SolutionGuid = {40B571F8-12FD-4D23-902A-DEF52FAE9162}
	EndGlobalSection
EndGlobal
